
Microsoft Visual Studio Solution File, Format Version 12.00
# Visual Studio Version 16
VisualStudioVersion = 16.0.30204.135
MinimumVisualStudioVersion = 10.0.40219.1
Project("{8BC9CEB8-8B4A-11D0-8D11-00A0C91BC942}") = "API_DX2_WIN32", "API_DX2_WIN32.vcxproj", "{58CB6691-F748-4EBF-BF90-C0A718F1BBEC}"
EndProject
Global
	GlobalSection(SolutionConfigurationPlatforms) = preSolution
		Debug|x64 = Debug|x64
		Debug|x86 = Debug|x86
		Release|x64 = Release|x64
		Release|x86 = Release|x86
	EndGlobalSection
	GlobalSection(ProjectConfigurationPlatforms) = postSolution
		{58CB6691-F748-4EBF-BF90-C0A718F1BBEC}.Debug|x64.ActiveCfg = Debug|x64
		{58CB6691-F748-4EBF-BF90-C0A718F1BBEC}.Debug|x64.Build.0 = Debug|x64
		{58CB6691-F748-4EBF-BF90-C0A718F1BBEC}.Debug|x86.ActiveCfg = Debug|Win32
		{58CB6691-F748-4EBF-BF90-C0A718F1BBEC}.Debug|x86.Build.0 = Debug|Win32
		{58CB6691-F748-4EBF-BF90-C0A718F1BBEC}.Release|x64.ActiveCfg = Release|x64
		{58CB6691-F748-4EBF-BF90-C0A718F1BBEC}.Release|x64.Build.0 = Release|x64
		{58CB6691-F748-4EBF-BF90-C0A718F1BBEC}.Release|x86.ActiveCfg = Release|Win32
		{58CB6691-F748-4EBF-BF90-C0A718F1BBEC}.Release|x86.Build.0 = Release|Win32
	EndGlobalSection
	GlobalSection(SolutionProperties) = preSolution
		HideSolutionNode = FALSE
	EndGlobalSection
	GlobalSection(ExtensibilityGlobals) = postSolution
		SolutionGuid = {EAB374C5-00E4-4AA2-BB0B-06085B946C87}
	EndGlobalSection
EndGlobal
